lockfileVersion: '9.0'

settings:
  autoInstallPeers: true
  excludeLinksFromLockfile: false

importers:

  .:
    dependencies:
      '@manypkg/cli':
        specifier: 0.22.0
        version: 0.22.0

  packages/a: {}

  packages/b: {}

  packages/c: {}

packages:

  '@manypkg/cli@0.22.0':
    resolution: {integrity: sha512-HwONx0Pr9ucehlrMvFMSuztLiKfwPYkjRDc0ymL5RiGYBk1slX8k3RWy+F01f1T+JLbImthSGMwY04Ojt20nTA==}
    engines: {node: '>=18.0.0'}
    hasBin: true

  '@manypkg/find-root@2.2.3':
    resolution: {integrity: sha512-jtEZKczWTueJYHjGpxU3KJQ08Gsrf4r6Q2GjmPp/RGk5leeYAA1eyDADSAF+KVCsQ6EwZd/FMcOFCoMhtqdCtQ==}
    engines: {node: '>=14.18.0'}

  '@manypkg/get-packages@2.2.2':
    resolution: {integrity: sha512-3+Zd8kLZmsyJFmWTBtY0MAuCErI7yKB2cjMBlujvSVKZ2R/BMXi0kjCXu2dtRlSq/ML86t1FkumT0yreQ3n8OQ==}
    engines: {node: '>=14.18.0'}

  '@manypkg/tools@1.1.2':
    resolution: {integrity: sha512-3lBouSuF7CqlseLB+FKES0K4FQ02JrbEoRtJhxnsyB1s5v4AP03gsoohN8jp7DcOImhaR9scYdztq3/sLfk/qQ==}
    engines: {node: '>=14.18.0'}

  '@nodelib/fs.scandir@2.1.5':
    resolution: {integrity: sha512-vq24Bq3ym5HEQm2NKCr3yXDwjc7vTsEThRDnkp2DK9p1uqLR+DHurm/NOTo0KG7HYHU7eppKZj3MyqYuMBf62g==}
    engines: {node: '>= 8'}

  '@nodelib/fs.stat@2.0.5':
    resolution: {integrity: sha512-RkhPPp2zrqDAQA/2jNhnztcPAlv64XdhIp7a7454A5ovI7Bukxgt7MX7udwAu3zg1DcpPU0rz3VV1SeaqvY4+A==}
    engines: {node: '>= 8'}

  '@nodelib/fs.walk@1.2.8':
    resolution: {integrity: sha512-oGB+UxlgWcgQkgwo8GcEGwemoTFt3FIO9ababBmaGwXIoBKZ+GTy0pP185beGg7Llih/NSHSV2XAs1lnznocSg==}
    engines: {node: '>= 8'}

  '@pnpm/config.env-replace@1.1.0':
    resolution: {integrity: sha512-htyl8TWnKL7K/ESFa1oW2UB5lVDxuF5DpM7tBi6Hu2LNL3mWkIzNLG6N4zoCUP1lCKNxWy/3iu8mS8MvToGd6w==}
    engines: {node: '>=12.22.0'}

  '@pnpm/network.ca-file@1.0.2':
    resolution: {integrity: sha512-YcPQ8a0jwYU9bTdJDpXjMi7Brhkr1mXsXrUJvjqM2mQDgkRiz8jFaQGOdaLxgjtUfQgZhKy/O3cG/YwmgKaxLA==}
    engines: {node: '>=12.22.0'}

  '@pnpm/npm-conf@2.3.1':
    resolution: {integrity: sha512-c83qWb22rNRuB0UaVCI0uRPNRr8Z0FWnEIvT47jiHAmOIUHbBOg5XvV7pM5x+rKn9HRpjxquDbXYSXr3fAKFcw==}
    engines: {node: '>=12'}

  argparse@2.0.1:
    resolution: {integrity: sha512-8+9WqebbFzpX9OR+Wa6O29asIogeRMzcGtAINdpMHHyAg10f05aSFVBbcEqGf/PXw1EjAZ+q2/bEBg3DvurK3Q==}

  braces@3.0.3:
    resolution: {integrity: sha512-yQbXgO/OSZVD2IsiLlro+7Hf6Q18EJrKSEsdoMzKePKXct3gvD8oLcOQdIzGupr5Fj+EDe8gO/lxc1BzfMpxvA==}
    engines: {node: '>=8'}

  config-chain@1.1.13:
    resolution: {integrity: sha512-qj+f8APARXHrM0hraqXYb2/bOVSV4PvJQlNZ/DVj0QrmNM2q2euizkeuVckQ57J+W0mRH6Hvi+k50M4Jul2VRQ==}

  deep-extend@0.6.0:
    resolution: {integrity: sha512-LOHxIOaPYdHlJRtCQfDIVZtfw/ufM8+rVj649RIHzcm/vGwQRXFt6OPqIFWsm2XEMrNIEtWR64sY1LEKD2vAOA==}
    engines: {node: '>=4.0.0'}

  detect-indent@6.1.0:
    resolution: {integrity: sha512-reYkTUJAZb9gUuZ2RvVCNhVHdg62RHnJ7WJl8ftMi4diZ6NWlciOzQN88pUhSELEwflJht4oQDv0F0BMlwaYtA==}
    engines: {node: '>=8'}

  fast-glob@3.3.2:
    resolution: {integrity: sha512-oX2ruAFQwf/Orj8m737Y5adxDQO0LAB7/S5MnxCdTNDd4p6BsyIVsv9JQsATbTSq8KHRpLwIHbVlUNatxd+1Ow==}
    engines: {node: '>=8.6.0'}

  fastq@1.17.1:
    resolution: {integrity: sha512-sRVD3lWVIXWg6By68ZN7vho9a1pQcN/WBFaAAsDDFzlJjvoGx0P8z7V1t72grFJfJhu3YPZBuu25f7Kaw2jN1w==}

  fill-range@7.1.1:
    resolution: {integrity: sha512-YsGpe3WHLK8ZYi4tWDg2Jy3ebRz2rXowDxnld4bkQB00cc/1Zw9AWnC0i9ztDJitivtQvaI9KaLyKrc+hBW0yg==}
    engines: {node: '>=8'}

  glob-parent@5.1.2:
    resolution: {integrity: sha512-AOIgSQCepiJYwP3ARnGx+5VnTu2HBYdzbGP45eLw1vr3zB3vZLeyed1sC9hnbcOc9/SrMyM5RPQrkGz4aS9Zow==}
    engines: {node: '>= 6'}

  graceful-fs@4.2.10:
    resolution: {integrity: sha512-9ByhssR2fPVsNZj478qUUbKfmL0+t5BDVyjShtyZZLiK7ZDAArFFfopyOTj0M05wE2tJPisA4iTnnXl2YoPvOA==}

  ini@1.3.8:
    resolution: {integrity: sha512-JV/yugV2uzW5iMRSiZAyDtQd+nxtUnjeLt0acNdw98kKLrvuRVyB80tsREOE7yvGVgalhZ6RNXCmEHkUKBKxew==}

  is-extglob@2.1.1:
    resolution: {integrity: sha512-SbKbANkN603Vi4jEZv49LeVJMn4yGwsbzZworEoyEiutsN3nJYdbO36zfhGJ6QEDpOZIFkDtnq5JRxmvl3jsoQ==}
    engines: {node: '>=0.10.0'}

  is-glob@4.0.3:
    resolution: {integrity: sha512-xelSayHH36ZgE7ZWhli7pW34hNbNl8Ojv5KVmkJD4hBdD3th8Tfk9vYasLM+mXWOZhFkgZfxhLSnrwRr4elSSg==}
    engines: {node: '>=0.10.0'}

  is-number@7.0.0:
    resolution: {integrity: sha512-41Cifkg6e8TylSpdtTpeLVMqvSBEVzTttHvERD741+pnZ8ANv0004MRL43QKPDlK9cGvNp6NZWZUBlbGXYxxng==}
    engines: {node: '>=0.12.0'}

  jju@1.4.0:
    resolution: {integrity: sha512-8wb9Yw966OSxApiCt0K3yNJL8pnNeIv+OEq2YMidz4FKP6nonSRoOXc80iXY4JaN2FC11B9qsNmDsm+ZOfMROA==}

  js-yaml@4.1.0:
    resolution: {integrity: sha512-wpxZs9NoxZaJESJGIZTyDEaYpl0FKSA+FB9aJiyemKhMwkxQg63h4T1KJgUGHpTqPDNRcmmYLugrRjJlBtWvRA==}
    hasBin: true

  ky@1.7.2:
    resolution: {integrity: sha512-OzIvbHKKDpi60TnF9t7UUVAF1B4mcqc02z5PIvrm08Wyb+yOcz63GRvEuVxNT18a9E1SrNouhB4W2NNLeD7Ykg==}
    engines: {node: '>=18'}

  merge2@1.4.1:
    resolution: {integrity: sha512-8q7VEgMJW4J8tcfVPy8g09NcQwZdbwFEqhe/WZkoIzjn/3TGDwtOCYtXGxA3O8tPzpczCCDgv+P2P5y00ZJOOg==}
    engines: {node: '>= 8'}

  micromatch@4.0.8:
    resolution: {integrity: sha512-PXwfBhYu0hBCPw8Dn0E+WDYb7af3dSLVWKi3HGv84IdF4TyFoC0ysxFd0Goxw7nSv4T/PzEJQxsYsEiFCKo2BA==}
    engines: {node: '>=8.6'}

  minimist@1.2.8:
    resolution: {integrity: sha512-2yyAR8qBkN3YuheJanUpWC5U3bb5osDywNB8RzDVlDwDHbocAJveqqj1u8+SVD7jkWT4yvsHCpWqqWqAxb0zCA==}

  normalize-path@3.0.0:
    resolution: {integrity: sha512-6eZs5Ls3WtCisHWp9S2GUy8dqkpGi4BVSz3GaqiE6ezub0512ESztXUwUB6C6IKbQkY2Pnb/mD4WYojCRwcwLA==}
    engines: {node: '>=0.10.0'}

  p-limit@2.3.0:
    resolution: {integrity: sha512-//88mFWSJx8lxCzwdAABTJL2MyWB12+eIY7MDL2SqLmAkeKU9qxRvWuSyTjm3FUmpBEMuFfckAIqEaVGUDxb6w==}
    engines: {node: '>=6'}

  p-try@2.2.0:
    resolution: {integrity: sha512-R4nPAVTAU0B9D35/Gk3uJf/7XYbQcyohSKdvAxIRSNghFl4e71hVoGnBNQz9cWaXxO2I10KTC+3jMdvvoKw6dQ==}
    engines: {node: '>=6'}

  package-json@10.0.1:
    resolution: {integrity: sha512-ua1L4OgXSBdsu1FPb7F3tYH0F48a6kxvod4pLUlGY9COeJAJQNX/sNH2IiEmsxw7lqYiAwrdHMjz1FctOsyDQg==}
    engines: {node: '>=18'}

  parse-github-url@1.0.3:
    resolution: {integrity: sha512-tfalY5/4SqGaV/GIGzWyHnFjlpTPTNpENR9Ea2lLldSJ8EWXMsvacWucqY3m3I4YPtas15IxTLQVQ5NSYXPrww==}
    engines: {node: '>= 0.10'}
    hasBin: true

  picocolors@1.1.1:
    resolution: {integrity: sha512-xceH2snhtb5M9liqDsmEw56le376mTZkEX/jEb/RxNFyegNul7eNslCXP9FDj/Lcu0X8KEyMceP2ntpaHrDEVA==}

  picomatch@2.3.1:
    resolution: {integrity: sha512-JU3teHTNjmE2VCGFzuY8EXzCDVwEqB2a8fsIvwaStHhAWJEeVd1o1QD80CU6+ZdEXXSLbSsuLwJjkCBWqRQUVA==}
    engines: {node: '>=8.6'}

  proto-list@1.2.4:
    resolution: {integrity: sha512-vtK/94akxsTMhe0/cbfpR+syPuszcuwhqVjJq26CuNDgFGj682oRBXOP5MJpv2r7JtE8MsiepGIqvvOTBwn2vA==}

  queue-microtask@1.2.3:
    resolution: {integrity: sha512-NuaNSa6flKT5JaSYQzJok04JzTL1CA6aGhv5rfLW3PgqA+M2ChpZQnAC8h8i4ZFkBS8X5RqkDBHA7r4hej3K9A==}

  rc@1.2.8:
    resolution: {integrity: sha512-y3bGgqKj3QBdxLbLkomlohkvsA8gdAiUQlSBJnBhfn+BPxg4bc62d8TcBW15wavDfgexCgccckhcZvywyQYPOw==}
    hasBin: true

  registry-auth-token@5.0.2:
    resolution: {integrity: sha512-o/3ikDxtXaA59BmZuZrJZDJv8NMDGSj+6j6XaeBmHw8eY1i1qd9+6H+LjVvQXx3HN6aRCGa1cUdJ9RaJZUugnQ==}
    engines: {node: '>=14'}

  registry-url@6.0.1:
    resolution: {integrity: sha512-+crtS5QjFRqFCoQmvGduwYWEBng99ZvmFvF+cUJkGYF1L1BfU8C6Zp9T7f5vPAwyLkUExpvK+ANVZmGU49qi4Q==}
    engines: {node: '>=12'}

  reusify@1.0.4:
    resolution: {integrity: sha512-U9nH88a3fc/ekCF1l0/UP1IosiuIjyTh7hBvXVMHYgVcfGvt897Xguj2UOLDeI5BG2m7/uwyaLVT6fbtCwTyzw==}
    engines: {iojs: '>=1.0.0', node: '>=0.10.0'}

  run-parallel@1.2.0:
    resolution: {integrity: sha512-5l4VyZR86LZ/lDxZTR6jqL8AFE2S0IFLMP26AbjsLVADxHdhB/c0GUsH+y39UfCi3dzz8OlQuPmnaJOMoDHQBA==}

  sembear@0.7.0:
    resolution: {integrity: sha512-XyLTEich2D02FODCkfdto3mB9DetWPLuTzr4tvoofe9SvyM27h4nQSbV3+iVcYQz94AFyKtqBv5pcZbj3k2hdA==}

  semver@7.6.3:
    resolution: {integrity: sha512-oVekP1cKtI+CTDvHWYFUcMtsK/00wmAEfyqKfNdARm8u1wNVhSgaX7A8d4UuIlUI5e84iEwOhs7ZPYRmzU9U6A==}
    engines: {node: '>=10'}
    hasBin: true

  strip-json-comments@2.0.1:
    resolution: {integrity: sha512-4gB8na07fecVVkOI6Rs4e7T6NOTki5EmL7TUduTs6bu3EdnSycntVJ4re8kgZA+wx9IueI2Y11bfbgwtzuE0KQ==}
    engines: {node: '>=0.10.0'}

  tinyexec@0.3.1:
    resolution: {integrity: sha512-WiCJLEECkO18gwqIp6+hJg0//p23HXp4S+gGtAKu3mI2F2/sXC4FvHvXvB0zJVVaTPhx1/tOwdbRsa1sOBIKqQ==}

  to-regex-range@5.0.1:
    resolution: {integrity: sha512-65P7iz6X5yEr1cwcgvQxbbIw7Uk3gOy5dIdtZ4rDveLqhrdJP+Li/Hx6tyK0NEb+2GCyneCMJiGqrADCSNk8sQ==}
    engines: {node: '>=8.0'}

  validate-npm-package-name@5.0.1:
    resolution: {integrity: sha512-OljLrQ9SQdOUqTaQxqL5dEfZWrXExyyWsozYlAWFawPVNuD83igl7uJD2RTkNMbniIYgt8l81eCJGIdQF7avLQ==}
    engines: {node: ^14.17.0 || ^16.13.0 || >=18.0.0}

snapshots:

  '@manypkg/cli@0.22.0':
    dependencies:
      '@manypkg/get-packages': 2.2.2
      detect-indent: 6.1.0
      normalize-path: 3.0.0
      p-limit: 2.3.0
      package-json: 10.0.1
      parse-github-url: 1.0.3
      picocolors: 1.1.1
      sembear: 0.7.0
      semver: 7.6.3
      tinyexec: 0.3.1
      validate-npm-package-name: 5.0.1

  '@manypkg/find-root@2.2.3':
    dependencies:
      '@manypkg/tools': 1.1.2

  '@manypkg/get-packages@2.2.2':
    dependencies:
      '@manypkg/find-root': 2.2.3
      '@manypkg/tools': 1.1.2

  '@manypkg/tools@1.1.2':
    dependencies:
      fast-glob: 3.3.2
      jju: 1.4.0
      js-yaml: 4.1.0

  '@nodelib/fs.scandir@2.1.5':
    dependencies:
      '@nodelib/fs.stat': 2.0.5
      run-parallel: 1.2.0

  '@nodelib/fs.stat@2.0.5': {}

  '@nodelib/fs.walk@1.2.8':
    dependencies:
      '@nodelib/fs.scandir': 2.1.5
      fastq: 1.17.1

  '@pnpm/config.env-replace@1.1.0': {}

  '@pnpm/network.ca-file@1.0.2':
    dependencies:
      graceful-fs: 4.2.10

  '@pnpm/npm-conf@2.3.1':
    dependencies:
      '@pnpm/config.env-replace': 1.1.0
      '@pnpm/network.ca-file': 1.0.2
      config-chain: 1.1.13

  argparse@2.0.1: {}

  braces@3.0.3:
    dependencies:
      fill-range: 7.1.1

  config-chain@1.1.13:
    dependencies:
      ini: 1.3.8
      proto-list: 1.2.4

  deep-extend@0.6.0: {}

  detect-indent@6.1.0: {}

  fast-glob@3.3.2:
    dependencies:
      '@nodelib/fs.stat': 2.0.5
      '@nodelib/fs.walk': 1.2.8
      glob-parent: 5.1.2
      merge2: 1.4.1
      micromatch: 4.0.8

  fastq@1.17.1:
    dependencies:
      reusify: 1.0.4

  fill-range@7.1.1:
    dependencies:
      to-regex-range: 5.0.1

  glob-parent@5.1.2:
    dependencies:
      is-glob: 4.0.3

  graceful-fs@4.2.10: {}

  ini@1.3.8: {}

  is-extglob@2.1.1: {}

  is-glob@4.0.3:
    dependencies:
      is-extglob: 2.1.1

  is-number@7.0.0: {}

  jju@1.4.0: {}

  js-yaml@4.1.0:
    dependencies:
      argparse: 2.0.1

  ky@1.7.2: {}

  merge2@1.4.1: {}

  micromatch@4.0.8:
    dependencies:
      braces: 3.0.3
      picomatch: 2.3.1

  minimist@1.2.8: {}

  normalize-path@3.0.0: {}

  p-limit@2.3.0:
    dependencies:
      p-try: 2.2.0

  p-try@2.2.0: {}

  package-json@10.0.1:
    dependencies:
      ky: 1.7.2
      registry-auth-token: 5.0.2
      registry-url: 6.0.1
      semver: 7.6.3

  parse-github-url@1.0.3: {}

  picocolors@1.1.1: {}

  picomatch@2.3.1: {}

  proto-list@1.2.4: {}

  queue-microtask@1.2.3: {}

  rc@1.2.8:
    dependencies:
      deep-extend: 0.6.0
      ini: 1.3.8
      minimist: 1.2.8
      strip-json-comments: 2.0.1

  registry-auth-token@5.0.2:
    dependencies:
      '@pnpm/npm-conf': 2.3.1

  registry-url@6.0.1:
    dependencies:
      rc: 1.2.8

  reusify@1.0.4: {}

  run-parallel@1.2.0:
    dependencies:
      queue-microtask: 1.2.3

  sembear@0.7.0:
    dependencies:
      semver: 7.6.3

  semver@7.6.3: {}

  strip-json-comments@2.0.1: {}

  tinyexec@0.3.1: {}

  to-regex-range@5.0.1:
    dependencies:
      is-number: 7.0.0

  validate-npm-package-name@5.0.1: {}
